
Microsoft Visual Studio Solution File, Format Version 12.00
# Visual Studio Version 16
VisualStudioVersion = 16.0.31005.135
MinimumVisualStudioVersion = 10.0.40219.1
Project("{FAE04EC0-301F-11D3-BF4B-00C04F79EFBC}") = "Receipt", "Receipt\Receipt.csproj", "{71686AE6-9D57-4968-B1F6-1CCE02EE9973}"
EndProject
Global
	GlobalSection(SolutionConfigurationPlatforms) = preSolution
		Debug|Any CPU = Debug|Any CPU
		Release|Any CPU = Release|Any CPU
	EndGlobalSection
	GlobalSection(ProjectConfigurationPlatforms) = postSolution
		{71686AE6-9D57-4968-B1F6-1CCE02EE9973}.Debug|Any CPU.ActiveCfg = Debug|Any CPU
		{71686AE6-9D57-4968-B1F6-1CCE02EE9973}.Debug|Any CPU.Build.0 = Debug|Any CPU
		{71686AE6-9D57-4968-B1F6-1CCE02EE9973}.Release|Any CPU.ActiveCfg = Release|Any CPU
		{71686AE6-9D57-4968-B1F6-1CCE02EE9973}.Release|Any CPU.Build.0 = Release|Any CPU
	EndGlobalSection
	GlobalSection(SolutionProperties) = preSolution
		HideSolutionNode = FALSE
	EndGlobalSection
	GlobalSection(ExtensibilityGlobals) = postSolution
		SolutionGuid = {97EF8843-F970-4345-A5FF-C11DFF084E20}
	EndGlobalSection
EndGlobal
